
Microsoft Visual Studio Solution File, Format Version 12.00
# Visual Studio Version 17
VisualStudioVersion = 17.3.32825.248
MinimumVisualStudioVersion = 10.0.40219.1
Project("{FAE04EC0-301F-11D3-BF4B-00C04F79EFBC}") = "SOL_CollectionsAssignment", "SOL_CollectionsAssignment.csproj", "{D63687CB-AFFF-4109-8D2B-25193CBA2A2B}"
EndProject
Global
	GlobalSection(SolutionConfigurationPlatforms) = preSolution
		Debug|Any CPU = Debug|Any CPU
		Release|Any CPU = Release|Any CPU
	EndGlobalSection
	GlobalSection(ProjectConfigurationPlatforms) = postSolution
		{D63687CB-AFFF-4109-8D2B-25193CBA2A2B}.Debug|Any CPU.ActiveCfg = Debug|Any CPU
		{D63687CB-AFFF-4109-8D2B-25193CBA2A2B}.Debug|Any CPU.Build.0 = Debug|Any CPU
		{D63687CB-AFFF-4109-8D2B-25193CBA2A2B}.Release|Any CPU.ActiveCfg = Release|Any CPU
		{D63687CB-AFFF-4109-8D2B-25193CBA2A2B}.Release|Any CPU.Build.0 = Release|Any CPU
	EndGlobalSection
	GlobalSection(SolutionProperties) = preSolution
		HideSolutionNode = FALSE
	EndGlobalSection
	GlobalSection(ExtensibilityGlobals) = postSolution
		SolutionGuid = {CFCD777D-BA38-40EA-A950-7DA5DBB747C0}
	EndGlobalSection
EndGlobal
